# This file is automatically @generated by Cargo.
# It is not intended for manual editing.
version = 3

[[package]]
name = "embed-manifest"
version = "1.3.1"
source = "registry+https://github.com/rust-lang/crates.io-index"
checksum = "40ff574b0b0a794f8995383bb83f21f8f99214422cae791cb48d66da524b00f7"

[[package]]
name = "hide-default-folders"
version = "0.1.0"
dependencies = [
 "embed-manifest",
 "winsafe",
]

[[package]]
name = "winsafe"
version = "0.0.14"
source = "registry+https://github.com/rust-lang/crates.io-index"
checksum = "8174c98b0112bb8b40aa4ee4948381ffb8e7acbf85d27e4e9d9449085356909c"
